
Microsoft Visual Studio Solution File, Format Version 12.00
# Visual Studio Version 16
VisualStudioVersion = 16.0.30330.147
MinimumVisualStudioVersion = 10.0.40219.1
Project("{FAE04EC0-301F-11D3-BF4B-00C04F79EFBC}") = "CSharpExploration", "CSharpExploration\CSharpExploration.csproj", "{5AECB5BD-D68A-44FD-AC02-4178895CFB63}"
EndProject
Global
	GlobalSection(SolutionConfigurationPlatforms) = preSolution
		Debug|Any CPU = Debug|Any CPU
		Release|Any CPU = Release|Any CPU
	EndGlobalSection
	GlobalSection(ProjectConfigurationPlatforms) = postSolution
		{5AECB5BD-D68A-44FD-AC02-4178895CFB63}.Debug|Any CPU.ActiveCfg = Debug|Any CPU
		{5AECB5BD-D68A-44FD-AC02-4178895CFB63}.Debug|Any CPU.Build.0 = Debug|Any CPU
		{5AECB5BD-D68A-44FD-AC02-4178895CFB63}.Release|Any CPU.ActiveCfg = Release|Any CPU
		{5AECB5BD-D68A-44FD-AC02-4178895CFB63}.Release|Any CPU.Build.0 = Release|Any CPU
	EndGlobalSection
	GlobalSection(SolutionProperties) = preSolution
		HideSolutionNode = FALSE
	EndGlobalSection
	GlobalSection(ExtensibilityGlobals) = postSolution
		SolutionGuid = {60A8E44B-5310-4B03-A072-F935E385759F}
	EndGlobalSection
EndGlobal
